
Microsoft Visual Studio Solution File, Format Version 12.00
# Visual Studio Version 16
VisualStudioVersion = 16.0.30413.136
MinimumVisualStudioVersion = 10.0.40219.1
Project("{FAE04EC0-301F-11D3-BF4B-00C04F79EFBC}") = "CC01.BO", "CC01.BO\CC01.BO.csproj", "{C641E0BA-88C4-47A5-A695-006AE6FAB4F0}"
EndProject
Project("{2150E333-8FDC-42A3-9474-1A3956D46DE8}") = "Solution Items", "Solution Items", "{0E9D935F-C4C3-4CC7-B872-6EF4E695B25F}"
	ProjectSection(SolutionItems) = preProject
		.editorconfig = .editorconfig
	EndProjectSection
EndProject
Project("{FAE04EC0-301F-11D3-BF4B-00C04F79EFBC}") = "CC01.WinForms", "Student\CC01.WinForms.csproj", "{91446314-D4F9-4511-B8C7-CF6B6E439E6F}"
EndProject
Project("{FAE04EC0-301F-11D3-BF4B-00C04F79EFBC}") = "CC01.Cons", "Execute\CC01.Cons.csproj", "{C00CD0FB-7364-4485-893C-B51C330462E2}"
EndProject
Project("{FAE04EC0-301F-11D3-BF4B-00C04F79EFBC}") = "CC01.BLL", "CC01.BLL\CC01.BLL.csproj", "{4D247DB9-DD1C-467A-B86A-97A51BB1462B}"
EndProject
Project("{FAE04EC0-301F-11D3-BF4B-00C04F79EFBC}") = "CC01.DAL", "CC01.DAL\CC01.DAL.csproj", "{6ABFE9F6-EA2F-4B90-B7DE-01783B0437C3}"
EndProject
Global
	GlobalSection(SolutionConfigurationPlatforms) = preSolution
		Debug|Any CPU = Debug|Any CPU
		Release|Any CPU = Release|Any CPU
	EndGlobalSection
	GlobalSection(ProjectConfigurationPlatforms) = postSolution
		{C641E0BA-88C4-47A5-A695-006AE6FAB4F0}.Debug|Any CPU.ActiveCfg = Debug|Any CPU
		{C641E0BA-88C4-47A5-A695-006AE6FAB4F0}.Debug|Any CPU.Build.0 = Debug|Any CPU
		{C641E0BA-88C4-47A5-A695-006AE6FAB4F0}.Release|Any CPU.ActiveCfg = Release|Any CPU
		{C641E0BA-88C4-47A5-A695-006AE6FAB4F0}.Release|Any CPU.Build.0 = Release|Any CPU
		{91446314-D4F9-4511-B8C7-CF6B6E439E6F}.Debug|Any CPU.ActiveCfg = Debug|Any CPU
		{91446314-D4F9-4511-B8C7-CF6B6E439E6F}.Debug|Any CPU.Build.0 = Debug|Any CPU
		{91446314-D4F9-4511-B8C7-CF6B6E439E6F}.Release|Any CPU.ActiveCfg = Release|Any CPU
		{91446314-D4F9-4511-B8C7-CF6B6E439E6F}.Release|Any CPU.Build.0 = Release|Any CPU
		{C00CD0FB-7364-4485-893C-B51C330462E2}.Debug|Any CPU.ActiveCfg = Debug|Any CPU
		{C00CD0FB-7364-4485-893C-B51C330462E2}.Debug|Any CPU.Build.0 = Debug|Any CPU
		{C00CD0FB-7364-4485-893C-B51C330462E2}.Release|Any CPU.ActiveCfg = Release|Any CPU
		{C00CD0FB-7364-4485-893C-B51C330462E2}.Release|Any CPU.Build.0 = Release|Any CPU
		{4D247DB9-DD1C-467A-B86A-97A51BB1462B}.Debug|Any CPU.ActiveCfg = Debug|Any CPU
		{4D247DB9-DD1C-467A-B86A-97A51BB1462B}.Debug|Any CPU.Build.0 = Debug|Any CPU
		{4D247DB9-DD1C-467A-B86A-97A51BB1462B}.Release|Any CPU.ActiveCfg = Release|Any CPU
		{4D247DB9-DD1C-467A-B86A-97A51BB1462B}.Release|Any CPU.Build.0 = Release|Any CPU
		{6ABFE9F6-EA2F-4B90-B7DE-01783B0437C3}.Debug|Any CPU.ActiveCfg = Debug|Any CPU
		{6ABFE9F6-EA2F-4B90-B7DE-01783B0437C3}.Debug|Any CPU.Build.0 = Debug|Any CPU
		{6ABFE9F6-EA2F-4B90-B7DE-01783B0437C3}.Release|Any CPU.ActiveCfg = Release|Any CPU
		{6ABFE9F6-EA2F-4B90-B7DE-01783B0437C3}.Release|Any CPU.Build.0 = Release|Any CPU
	EndGlobalSection
	GlobalSection(SolutionProperties) = preSolution
		HideSolutionNode = FALSE
	EndGlobalSection
	GlobalSection(ExtensibilityGlobals) = postSolution
		SolutionGuid = {AD08617F-A07A-4022-88CB-1B970A022A22}
	EndGlobalSection
EndGlobal
